
Microsoft Visual Studio Solution File, Format Version 12.00
# Visual Studio 2013
VisualStudioVersion = 12.0.31101.0
MinimumVisualStudioVersion = 10.0.40219.1
Project("{2150E333-8FDC-42A3-9474-1A3956D46DE8}") = "Solution Items", "Solution Items", "{DE5AF43A-A01D-4AF2-89C3-1BD5BCDBE211}"
	ProjectSection(SolutionItems) = preProject
		LICENSE.md = LICENSE.md
		README.md = README.md
	EndProjectSection
EndProject
Project("{FAE04EC0-301F-11D3-BF4B-00C04F79EFBC}") = "Sample01", "Sample01\Sample01.csproj", "{A202C760-F2A7-4E0E-880C-00DC5F0AA03B}"
EndProject
Project("{2150E333-8FDC-42A3-9474-1A3956D46DE8}") = ".nuget", ".nuget", "{1BC4FB20-1765-4C7C-BF4B-272017543BC6}"
	ProjectSection(SolutionItems) = preProject
		.nuget\NuGet.Config = .nuget\NuGet.Config
		.nuget\NuGet.exe = .nuget\NuGet.exe
		.nuget\NuGet.targets = .nuget\NuGet.targets
	EndProjectSection
EndProject
Project("{FAE04EC0-301F-11D3-BF4B-00C04F79EFBC}") = "Sample02", "Sample02\Sample02.csproj", "{A9949F58-AAA4-4F3F-A6FC-40164FECEFC1}"
EndProject
Project("{FAE04EC0-301F-11D3-BF4B-00C04F79EFBC}") = "Sample03", "Sample03\Sample03.csproj", "{50BCDB7B-77C5-4C51-8DDB-C9F1DAC85943}"
EndProject
Project("{FAE04EC0-301F-11D3-BF4B-00C04F79EFBC}") = "Sample04", "Sample04\Sample04.csproj", "{E68F7D8D-7E00-4F26-ADED-B5A5D44DFD6F}"
EndProject
Project("{FAE04EC0-301F-11D3-BF4B-00C04F79EFBC}") = "Sample05", "Sample05\Sample05.csproj", "{97215178-33B3-4B49-8B61-B6A41609F787}"
EndProject
Project("{FAE04EC0-301F-11D3-BF4B-00C04F79EFBC}") = "Sample06", "Sample06\Sample06.csproj", "{70924CA3-0B68-4070-8393-71572D17BBCA}"
EndProject
Project("{FAE04EC0-301F-11D3-BF4B-00C04F79EFBC}") = "Sample07", "Sample07\Sample07.csproj", "{74DEA822-CFB0-4201-BFB4-1574B40BCEF3}"
EndProject
Project("{FAE04EC0-301F-11D3-BF4B-00C04F79EFBC}") = "Sample08", "Sample08\Sample08.csproj", "{D7C8F4ED-F131-44F8-9A29-1B5DD430F269}"
EndProject
Project("{FAE04EC0-301F-11D3-BF4B-00C04F79EFBC}") = "Sample09", "Sample09\Sample09.csproj", "{347FDC92-1082-4860-A665-4CD602B9863B}"
EndProject
Project("{FAE04EC0-301F-11D3-BF4B-00C04F79EFBC}") = "Sample10", "Sample10\Sample10.csproj", "{5779A931-FE6E-4050-8954-3D7B6811E8AD}"
EndProject
Project("{FAE04EC0-301F-11D3-BF4B-00C04F79EFBC}") = "Sample11", "Sample11\Sample11.csproj", "{22F24EAF-05AF-440F-99CF-CC5BB0D328C0}"
EndProject
Project("{FAE04EC0-301F-11D3-BF4B-00C04F79EFBC}") = "Sample12", "Sample12\Sample12.csproj", "{886608BD-DFC0-4665-B2B1-84CC700C969E}"
EndProject
Global
	GlobalSection(SolutionConfigurationPlatforms) = preSolution
		Debug|Any CPU = Debug|Any CPU
		Release|Any CPU = Release|Any CPU
	EndGlobalSection
	GlobalSection(ProjectConfigurationPlatforms) = postSolution
		{A202C760-F2A7-4E0E-880C-00DC5F0AA03B}.Debug|Any CPU.ActiveCfg = Debug|Any CPU
		{A202C760-F2A7-4E0E-880C-00DC5F0AA03B}.Debug|Any CPU.Build.0 = Debug|Any CPU
		{A202C760-F2A7-4E0E-880C-00DC5F0AA03B}.Release|Any CPU.ActiveCfg = Release|Any CPU
		{A202C760-F2A7-4E0E-880C-00DC5F0AA03B}.Release|Any CPU.Build.0 = Release|Any CPU
		{A9949F58-AAA4-4F3F-A6FC-40164FECEFC1}.Debug|Any CPU.ActiveCfg = Debug|Any CPU
		{A9949F58-AAA4-4F3F-A6FC-40164FECEFC1}.Debug|Any CPU.Build.0 = Debug|Any CPU
		{A9949F58-AAA4-4F3F-A6FC-40164FECEFC1}.Release|Any CPU.ActiveCfg = Release|Any CPU
		{A9949F58-AAA4-4F3F-A6FC-40164FECEFC1}.Release|Any CPU.Build.0 = Release|Any CPU
		{50BCDB7B-77C5-4C51-8DDB-C9F1DAC85943}.Debug|Any CPU.ActiveCfg = Debug|Any CPU
		{50BCDB7B-77C5-4C51-8DDB-C9F1DAC85943}.Debug|Any CPU.Build.0 = Debug|Any CPU
		{50BCDB7B-77C5-4C51-8DDB-C9F1DAC85943}.Release|Any CPU.ActiveCfg = Release|Any CPU
		{50BCDB7B-77C5-4C51-8DDB-C9F1DAC85943}.Release|Any CPU.Build.0 = Release|Any CPU
		{E68F7D8D-7E00-4F26-ADED-B5A5D44DFD6F}.Debug|Any CPU.ActiveCfg = Debug|Any CPU
		{E68F7D8D-7E00-4F26-ADED-B5A5D44DFD6F}.Debug|Any CPU.Build.0 = Debug|Any CPU
		{E68F7D8D-7E00-4F26-ADED-B5A5D44DFD6F}.Release|Any CPU.ActiveCfg = Release|Any CPU
		{E68F7D8D-7E00-4F26-ADED-B5A5D44DFD6F}.Release|Any CPU.Build.0 = Release|Any CPU
		{97215178-33B3-4B49-8B61-B6A41609F787}.Debug|Any CPU.ActiveCfg = Debug|Any CPU
		{97215178-33B3-4B49-8B61-B6A41609F787}.Debug|Any CPU.Build.0 = Debug|Any CPU
		{97215178-33B3-4B49-8B61-B6A41609F787}.Release|Any CPU.ActiveCfg = Release|Any CPU
		{97215178-33B3-4B49-8B61-B6A41609F787}.Release|Any CPU.Build.0 = Release|Any CPU
		{70924CA3-0B68-4070-8393-71572D17BBCA}.Debug|Any CPU.ActiveCfg = Debug|Any CPU
		{70924CA3-0B68-4070-8393-71572D17BBCA}.Debug|Any CPU.Build.0 = Debug|Any CPU
		{70924CA3-0B68-4070-8393-71572D17BBCA}.Release|Any CPU.ActiveCfg = Release|Any CPU
		{70924CA3-0B68-4070-8393-71572D17BBCA}.Release|Any CPU.Build.0 = Release|Any CPU
		{74DEA822-CFB0-4201-BFB4-1574B40BCEF3}.Debug|Any CPU.ActiveCfg = Debug|Any CPU
		{74DEA822-CFB0-4201-BFB4-1574B40BCEF3}.Debug|Any CPU.Build.0 = Debug|Any CPU
		{74DEA822-CFB0-4201-BFB4-1574B40BCEF3}.Release|Any CPU.ActiveCfg = Release|Any CPU
		{74DEA822-CFB0-4201-BFB4-1574B40BCEF3}.Release|Any CPU.Build.0 = Release|Any CPU
		{D7C8F4ED-F131-44F8-9A29-1B5DD430F269}.Debug|Any CPU.ActiveCfg = Debug|Any CPU
		{D7C8F4ED-F131-44F8-9A29-1B5DD430F269}.Debug|Any CPU.Build.0 = Debug|Any CPU
		{D7C8F4ED-F131-44F8-9A29-1B5DD430F269}.Release|Any CPU.ActiveCfg = Release|Any CPU
		{D7C8F4ED-F131-44F8-9A29-1B5DD430F269}.Release|Any CPU.Build.0 = Release|Any CPU
		{347FDC92-1082-4860-A665-4CD602B9863B}.Debug|Any CPU.ActiveCfg = Debug|Any CPU
		{347FDC92-1082-4860-A665-4CD602B9863B}.Debug|Any CPU.Build.0 = Debug|Any CPU
		{347FDC92-1082-4860-A665-4CD602B9863B}.Release|Any CPU.ActiveCfg = Release|Any CPU
		{347FDC92-1082-4860-A665-4CD602B9863B}.Release|Any CPU.Build.0 = Release|Any CPU
		{5779A931-FE6E-4050-8954-3D7B6811E8AD}.Debug|Any CPU.ActiveCfg = Debug|Any CPU
		{5779A931-FE6E-4050-8954-3D7B6811E8AD}.Debug|Any CPU.Build.0 = Debug|Any CPU
		{5779A931-FE6E-4050-8954-3D7B6811E8AD}.Release|Any CPU.ActiveCfg = Release|Any CPU
		{5779A931-FE6E-4050-8954-3D7B6811E8AD}.Release|Any CPU.Build.0 = Release|Any CPU
		{22F24EAF-05AF-440F-99CF-CC5BB0D328C0}.Debug|Any CPU.ActiveCfg = Debug|Any CPU
		{22F24EAF-05AF-440F-99CF-CC5BB0D328C0}.Debug|Any CPU.Build.0 = Debug|Any CPU
		{22F24EAF-05AF-440F-99CF-CC5BB0D328C0}.Release|Any CPU.ActiveCfg = Release|Any CPU
		{22F24EAF-05AF-440F-99CF-CC5BB0D328C0}.Release|Any CPU.Build.0 = Release|Any CPU
		{886608BD-DFC0-4665-B2B1-84CC700C969E}.Debug|Any CPU.ActiveCfg = Debug|Any CPU
		{886608BD-DFC0-4665-B2B1-84CC700C969E}.Debug|Any CPU.Build.0 = Debug|Any CPU
		{886608BD-DFC0-4665-B2B1-84CC700C969E}.Release|Any CPU.ActiveCfg = Release|Any CPU
		{886608BD-DFC0-4665-B2B1-84CC700C969E}.Release|Any CPU.Build.0 = Release|Any CPU
	EndGlobalSection
	GlobalSection(SolutionProperties) = preSolution
		HideSolutionNode = FALSE
	EndGlobalSection
EndGlobal
